
Microsoft Visual Studio Solution File, Format Version 12.00
# Visual Studio Version 16
VisualStudioVersion = 16.0.32106.194
MinimumVisualStudioVersion = 10.0.40219.1
Project("{FAE04EC0-301F-11D3-BF4B-00C04F79EFBC}") = "winform_test", "winform_test.csproj", "{41D0BF9F-4CA0-4F9B-ACC0-3D1EB86F005A}"
EndProject
Global
	GlobalSection(SolutionConfigurationPlatforms) = preSolution
		Debug|Any CPU = Debug|Any CPU
		Release|Any CPU = Release|Any CPU
	EndGlobalSection
	GlobalSection(ProjectConfigurationPlatforms) = postSolution
		{41D0BF9F-4CA0-4F9B-ACC0-3D1EB86F005A}.Debug|Any CPU.ActiveCfg = Debug|Any CPU
		{41D0BF9F-4CA0-4F9B-ACC0-3D1EB86F005A}.Debug|Any CPU.Build.0 = Debug|Any CPU
		{41D0BF9F-4CA0-4F9B-ACC0-3D1EB86F005A}.Release|Any CPU.ActiveCfg = Release|Any CPU
		{41D0BF9F-4CA0-4F9B-ACC0-3D1EB86F005A}.Release|Any CPU.Build.0 = Release|Any CPU
	EndGlobalSection
	GlobalSection(SolutionProperties) = preSolution
		HideSolutionNode = FALSE
	EndGlobalSection
	GlobalSection(ExtensibilityGlobals) = postSolution
		SolutionGuid = {4C4984BE-1BDD-4753-95FC-8BC12F831B7E}
	EndGlobalSection
EndGlobal
